// !$*UTF8*$!
{
	archiveVersion = 1;
	classes = {
	};
	objectVersion = 48;
	objects = {

/* Begin PBXBuildFile section */
		7259B01F3AE8B56C0FA778ED /* libPods-OnlineTask.a in Frameworks */ = {isa = PBXBuildFile; fileRef = 4281BBF292D748DB89F02D5B /* libPods-OnlineTask.a */; };
		C52DF68E20330E5B00474A91 /* RowModelData.m in Sources */ = {isa = PBXBuildFile; fileRef = C52DF68D20330E5B00474A91 /* RowModelData.m */; };
		C5397F63203204DE00EFE73B /* CellForTableView.m in Sources */ = {isa = PBXBuildFile; fileRef = C5397F62203204DE00EFE73B /* CellForTableView.m */; };
		C5397F692032CB2E00EFE73B /* NSURLConnectDelegateClass.m in Sources */ = {isa = PBXBuildFile; fileRef = C5397F682032CB2E00EFE73B /* NSURLConnectDelegateClass.m */; };
		C5397F6D2032E6A400EFE73B /* ModelClassForParsing.m in Sources */ = {isa = PBXBuildFile; fileRef = C5397F6C2032E6A400EFE73B /* ModelClassForParsing.m */; };
		C54E2B1F2030C8E50024E111 /* AppDelegate.m in Sources */ = {isa = PBXBuildFile; fileRef = C54E2B1E2030C8E50024E111 /* AppDelegate.m */; };
		C54E2B222030C8E50024E111 /* MainViewController.m in Sources */ = {isa = PBXBuildFile; fileRef = C54E2B212030C8E50024E111 /* MainViewController.m */; };
		C54E2B272030C8E50024E111 /* Assets.xcassets in Resources */ = {isa = PBXBuildFile; fileRef = C54E2B262030C8E50024E111 /* Assets.xcassets */; };
		C54E2B2D2030C8E50024E111 /* main.m in Sources */ = {isa = PBXBuildFile; fileRef = C54E2B2C2030C8E50024E111 /* main.m */; };
		C54E2B372030C8E50024E111 /* OnlineTaskTests.m in Sources */ = {isa = PBXBuildFile; fileRef = C54E2B362030C8E50024E111 /* OnlineTaskTests.m */; };
		CD001B3BB59517C4B543ED5E /* libPods-OnlineTaskTests.a in Frameworks */ = {isa = PBXBuildFile; fileRef = 79E276A7099E51EC59390062 /* libPods-OnlineTaskTests.a */; };
/* End PBXBuildFile section */

/* Begin PBXContainerItemProxy section */
		C54E2B332030C8E50024E111 /* PBXContainerItemProxy */ = {
			isa = PBXContainerItemProxy;
			containerPortal = C54E2B122030C8E50024E111 /* Project object */;
			proxyType = 1;
			remoteGlobalIDString = C54E2B192030C8E50024E111;
			remoteInfo = OnlineTask;
		};
/* End PBXContainerItemProxy section */

/* Begin PBXFileReference section */
		08F525901203E0B6268DFA25 /* Pods-OnlineTask.debug.xcconfig */ = {isa = PBXFileReference; includeInIndex = 1; lastKnownFileType = text.xcconfig; name = "Pods-OnlineTask.debug.xcconfig"; path = "Pods/Target Support Files/Pods-OnlineTask/Pods-OnlineTask.debug.xcconfig"; sourceTree = "<group>"; };
		4281BBF292D748DB89F02D5B /* libPods-OnlineTask.a */ = {isa = PBXFileReference; explicitFileType = archive.ar; includeInIndex = 0; path = "libPods-OnlineTask.a"; sourceTree = BUILT_PRODUCTS_DIR; };
		79E276A7099E51EC59390062 /* libPods-OnlineTaskTests.a */ = {isa = PBXFileReference; explicitFileType = archive.ar; includeInIndex = 0; path = "libPods-OnlineTaskTests.a"; sourceTree = BUILT_PRODUCTS_DIR; };
		C52DF68C20330E5B00474A91 /* RowModelData.h */ = {isa = PBXFileReference; lastKnownFileType = sourcecode.c.h; path = RowModelData.h; sourceTree = "<group>"; };
		C52DF68D20330E5B00474A91 /* RowModelData.m */ = {isa = PBXFileReference; lastKnownFileType = sourcecode.c.objc; path = RowModelData.m; sourceTree = "<group>"; };
		C5397F61203204DE00EFE73B /* CellForTableView.h */ = {isa = PBXFileReference; lastKnownFileType = sourcecode.c.h; path = CellForTableView.h; sourceTree = "<group>"; };
		C5397F62203204DE00EFE73B /* CellForTableView.m */ = {isa = PBXFileReference; lastKnownFileType = sourcecode.c.objc; path = CellForTableView.m; sourceTree = "<group>"; };
		C5397F672032CB2E00EFE73B /* NSURLConnectDelegateClass.h */ = {isa = PBXFileReference; lastKnownFileType = sourcecode.c.h; path = NSURLConnectDelegateClass.h; sourceTree = "<group>"; };
		C5397F682032CB2E00EFE73B /* NSURLConnectDelegateClass.m */ = {isa = PBXFileReference; lastKnownFileType = sourcecode.c.objc; path = NSURLConnectDelegateClass.m; sourceTree = "<group>"; };
		C5397F6A2032E1C000EFE73B /* Constants.h */ = {isa = PBXFileReference; lastKnownFileType = sourcecode.c.h; path = Constants.h; sourceTree = "<group>"; };
		C5397F6B2032E6A400EFE73B /* ModelClassForParsing.h */ = {isa = PBXFileReference; lastKnownFileType = sourcecode.c.h; path = ModelClassForParsing.h; sourceTree = "<group>"; };
		C5397F6C2032E6A400EFE73B /* ModelClassForParsing.m */ = {isa = PBXFileReference; lastKnownFileType = sourcecode.c.objc; path = ModelClassForParsing.m; sourceTree = "<group>"; };
		C54E2B1A2030C8E50024E111 /* OnlineTask.app */ = {isa = PBXFileReference; explicitFileType = wrapper.application; includeInIndex = 0; path = OnlineTask.app; sourceTree = BUILT_PRODUCTS_DIR; };
		C54E2B1D2030C8E50024E111 /* AppDelegate.h */ = {isa = PBXFileReference; lastKnownFileType = sourcecode.c.h; path = AppDelegate.h; sourceTree = "<group>"; };
		C54E2B1E2030C8E50024E111 /* AppDelegate.m */ = {isa = PBXFileReference; lastKnownFileType = sourcecode.c.objc; path = AppDelegate.m; sourceTree = "<group>"; };
		C54E2B202030C8E50024E111 /* MainViewController.h */ = {isa = PBXFileReference; lastKnownFileType = sourcecode.c.h; path = MainViewController.h; sourceTree = "<group>"; };
		C54E2B212030C8E50024E111 /* MainViewController.m */ = {isa = PBXFileReference; lastKnownFileType = sourcecode.c.objc; path = MainViewController.m; sourceTree = "<group>"; };
		C54E2B262030C8E50024E111 /* Assets.xcassets */ = {isa = PBXFileReference; lastKnownFileType = folder.assetcatalog; path = Assets.xcassets; sourceTree = "<group>"; };
		C54E2B2B2030C8E50024E111 /* Info.plist */ = {isa = PBXFileReference; lastKnownFileType = text.plist.xml; path = Info.plist; sourceTree = "<group>"; };
		C54E2B2C2030C8E50024E111 /* main.m */ = {isa = PBXFileReference; lastKnownFileType = sourcecode.c.objc; path = main.m; sourceTree = "<group>"; };
		C54E2B322030C8E50024E111 /* OnlineTaskTests.xctest */ = {isa = PBXFileReference; explicitFileType = wrapper.cfbundle; includeInIndex = 0; path = OnlineTaskTests.xctest; sourceTree = BUILT_PRODUCTS_DIR; };
		C54E2B362030C8E50024E111 /* OnlineTaskTests.m */ = {isa = PBXFileReference; lastKnownFileType = sourcecode.c.objc; path = OnlineTaskTests.m; sourceTree = "<group>"; };
		C54E2B382030C8E50024E111 /* Info.plist */ = {isa = PBXFileReference; lastKnownFileType = text.plist.xml; path = Info.plist; sourceTree = "<group>"; };
		D740ACB2C66BC40D277F1B16 /* Pods-OnlineTaskTests.release.xcconfig */ = {isa = PBXFileReference; includeInIndex = 1; lastKnownFileType = text.xcconfig; name = "Pods-OnlineTaskTests.release.xcconfig"; path = "Pods/Target Support Files/Pods-OnlineTaskTests/Pods-OnlineTaskTests.release.xcconfig"; sourceTree = "<group>"; };
		DDD608C66AA363611413E386 /* Pods-OnlineTask.release.xcconfig */ = {isa = PBXFileReference; includeInIndex = 1; lastKnownFileType = text.xcconfig; name = "Pods-OnlineTask.release.xcconfig"; path = "Pods/Target Support Files/Pods-OnlineTask/Pods-OnlineTask.release.xcconfig"; sourceTree = "<group>"; };
		F79C3D575972D7E47F98E650 /* Pods-OnlineTaskTests.debug.xcconfig */ = {isa = PBXFileReference; includeInIndex = 1; lastKnownFileType = text.xcconfig; name = "Pods-OnlineTaskTests.debug.xcconfig"; path = "Pods/Target Support Files/Pods-OnlineTaskTests/Pods-OnlineTaskTests.debug.xcconfig"; sourceTree = "<group>"; };
/* End PBXFileReference section */

/* Begin PBXFrameworksBuildPhase section */
		C54E2B172030C8E50024E111 /* Frameworks */ = {
			isa = PBXFrameworksBuildPhase;
			buildActionMask = 2147483647;
			files = (
				7259B01F3AE8B56C0FA778ED /* libPods-OnlineTask.a in Frameworks */,
			);
			runOnlyForDeploymentPostprocessing = 0;
		};
		C54E2B2F2030C8E50024E111 /* Frameworks */ = {
			isa = PBXFrameworksBuildPhase;
			buildActionMask = 2147483647;
			files = (
				CD001B3BB59517C4B543ED5E /* libPods-OnlineTaskTests.a in Frameworks */,
			);
			runOnlyForDeploymentPostprocessing = 0;
		};
/* End PBXFrameworksBuildPhase section */

/* Begin PBXGroup section */
		11DCCA2F7233EA302CBDE216 /* Frameworks */ = {
			isa = PBXGroup;
			children = (
				4281BBF292D748DB89F02D5B /* libPods-OnlineTask.a */,
				79E276A7099E51EC59390062 /* libPods-OnlineTaskTests.a */,
			);
			name = Frameworks;
			sourceTree = "<group>";
		};
		C399D886702C93CC738696DB /* Pods */ = {
			isa = PBXGroup;
			children = (
				08F525901203E0B6268DFA25 /* Pods-OnlineTask.debug.xcconfig */,
				DDD608C66AA363611413E386 /* Pods-OnlineTask.release.xcconfig */,
				F79C3D575972D7E47F98E650 /* Pods-OnlineTaskTests.debug.xcconfig */,
				D740ACB2C66BC40D277F1B16 /* Pods-OnlineTaskTests.release.xcconfig */,
			);
			name = Pods;
			sourceTree = "<group>";
		};
		C54E2B112030C8E50024E111 = {
			isa = PBXGroup;
			children = (
				C54E2B1C2030C8E50024E111 /* OnlineTask */,
				C54E2B352030C8E50024E111 /* OnlineTaskTests */,
				C54E2B1B2030C8E50024E111 /* Products */,
				C399D886702C93CC738696DB /* Pods */,
				11DCCA2F7233EA302CBDE216 /* Frameworks */,
			);
			sourceTree = "<group>";
		};
		C54E2B1B2030C8E50024E111 /* Products */ = {
			isa = PBXGroup;
			children = (
				C54E2B1A2030C8E50024E111 /* OnlineTask.app */,
				C54E2B322030C8E50024E111 /* OnlineTaskTests.xctest */,
			);
			name = Products;
			sourceTree = "<group>";
		};
		C54E2B1C2030C8E50024E111 /* OnlineTask */ = {
			isa = PBXGroup;
			children = (
				C5798BFB2034B91400A06EC2 /* SupportingFiles */,
				C5798BFA2034B8F100A06EC2 /* Model */,
				C5798BF92034B8D700A06EC2 /* NetworkService */,
				C5798BF82034B8A900A06EC2 /* GUIComponent */,
				C54E2B1D2030C8E50024E111 /* AppDelegate.h */,
				C54E2B1E2030C8E50024E111 /* AppDelegate.m */,
				C5397F6A2032E1C000EFE73B /* Constants.h */,
				C54E2B202030C8E50024E111 /* MainViewController.h */,
				C54E2B212030C8E50024E111 /* MainViewController.m */,
				C54E2B262030C8E50024E111 /* Assets.xcassets */,
			);
			path = OnlineTask;
			sourceTree = "<group>";
		};
		C54E2B352030C8E50024E111 /* OnlineTaskTests */ = {
			isa = PBXGroup;
			children = (
				C54E2B362030C8E50024E111 /* OnlineTaskTests.m */,
				C54E2B382030C8E50024E111 /* Info.plist */,
			);
			path = OnlineTaskTests;
			sourceTree = "<group>";
		};
		C5798BF82034B8A900A06EC2 /* GUIComponent */ = {
			isa = PBXGroup;
			children = (
				C5397F61203204DE00EFE73B /* CellForTableView.h */,
				C5397F62203204DE00EFE73B /* CellForTableView.m */,
			);
			path = GUIComponent;
			sourceTree = "<group>";
		};
		C5798BF92034B8D700A06EC2 /* NetworkService */ = {
			isa = PBXGroup;
			children = (
				C5397F672032CB2E00EFE73B /* NSURLConnectDelegateClass.h */,
				C5397F682032CB2E00EFE73B /* NSURLConnectDelegateClass.m */,
			);
			path = NetworkService;
			sourceTree = "<group>";
		};
		C5798BFA2034B8F100A06EC2 /* Model */ = {
			isa = PBXGroup;
			children = (
				C5397F6B2032E6A400EFE73B /* ModelClassForParsing.h */,
				C5397F6C2032E6A400EFE73B /* ModelClassForParsing.m */,
				C52DF68C20330E5B00474A91 /* RowModelData.h */,
				C52DF68D20330E5B00474A91 /* RowModelData.m */,
			);
			path = Model;
			sourceTree = "<group>";
		};
		C5798BFB2034B91400A06EC2 /* SupportingFiles */ = {
			isa = PBXGroup;
			children = (
				C54E2B2B2030C8E50024E111 /* Info.plist */,
				C54E2B2C2030C8E50024E111 /* main.m */,
			);
			path = SupportingFiles;
			sourceTree = "<group>";
		};
/* End PBXGroup section */

/* Begin PBXNativeTarget section */
		C54E2B192030C8E50024E111 /* OnlineTask */ = {
			isa = PBXNativeTarget;
			buildConfigurationList = C54E2B3B2030C8E50024E111 /* Build configuration list for PBXNativeTarget "OnlineTask" */;
			buildPhases = (
				C5719909D817BB2E18D626C8 /* [CP] Check Pods Manifest.lock */,
				C54E2B162030C8E50024E111 /* Sources */,
				C54E2B172030C8E50024E111 /* Frameworks */,
				C54E2B182030C8E50024E111 /* Resources */,
				4A8CBA4811F4F48E9125AA56 /* [CP] Embed Pods Frameworks */,
				6B53ED231E81E994839003A5 /* [CP] Copy Pods Resources */,
			);
			buildRules = (
			);
			dependencies = (
			);
			name = OnlineTask;
			productName = OnlineTask;
			productReference = C54E2B1A2030C8E50024E111 /* OnlineTask.app */;
			productType = "com.apple.product-type.application";
		};
		C54E2B312030C8E50024E111 /* OnlineTaskTests */ = {
			isa = PBXNativeTarget;
			buildConfigurationList = C54E2B3E2030C8E50024E111 /* Build configuration list for PBXNativeTarget "OnlineTaskTests" */;
			buildPhases = (
				394B9EF15E6AF852E9AF2123 /* [CP] Check Pods Manifest.lock */,
				C54E2B2E2030C8E50024E111 /* Sources */,
				C54E2B2F2030C8E50024E111 /* Frameworks */,
				C54E2B302030C8E50024E111 /* Resources */,
				24E9EF2691675F340BAA133C /* [CP] Embed Pods Frameworks */,
				EDD820A18C83E6436E0B1B93 /* [CP] Copy Pods Resources */,
			);
			buildRules = (
			);
			dependencies = (
				C54E2B342030C8E50024E111 /* PBXTargetDependency */,
			);
			name = OnlineTaskTests;
			productName = OnlineTaskTests;
			productReference = C54E2B322030C8E50024E111 /* OnlineTaskTests.xctest */;
			productType = "com.apple.product-type.bundle.unit-test";
		};
/* End PBXNativeTarget section */

/* Begin PBXProject section */
		C54E2B122030C8E50024E111 /* Project object */ = {
			isa = PBXProject;
			attributes = {
				LastUpgradeCheck = 0900;
				ORGANIZATIONNAME = "SOHAIL UR RAHMAN";
				TargetAttributes = {
					C54E2B192030C8E50024E111 = {
						CreatedOnToolsVersion = 9.0;
						ProvisioningStyle = Automatic;
					};
					C54E2B312030C8E50024E111 = {
						CreatedOnToolsVersion = 9.0;
						ProvisioningStyle = Automatic;
						TestTargetID = C54E2B192030C8E50024E111;
					};
				};
			};
			buildConfigurationList = C54E2B152030C8E50024E111 /* Build configuration list for PBXProject "OnlineTask" */;
			compatibilityVersion = "Xcode 8.0";
			developmentRegion = en;
			hasScannedForEncodings = 0;
			knownRegions = (
				en,
				Base,
			);
			mainGroup = C54E2B112030C8E50024E111;
			productRefGroup = C54E2B1B2030C8E50024E111 /* Products */;
			projectDirPath = "";
			projectRoot = "";
			targets = (
				C54E2B192030C8E50024E111 /* OnlineTask */,
				C54E2B312030C8E50024E111 /* OnlineTaskTests */,
			);
		};
/* End PBXProject section */

/* Begin PBXResourcesBuildPhase section */
		C54E2B182030C8E50024E111 /* Resources */ = {
			isa = PBXResourcesBuildPhase;
			buildActionMask = 2147483647;
			files = (
				C54E2B272030C8E50024E111 /* Assets.xcassets in Resources */,
			);
			runOnlyForDeploymentPostprocessing = 0;
		};
		C54E2B302030C8E50024E111 /* Resources */ = {
			isa = PBXResourcesBuildPhase;
			buildActionMask = 2147483647;
			files = (
			);
			runOnlyForDeploymentPostprocessing = 0;
		};
/* End PBXResourcesBuildPhase section */

/* Begin PBXShellScriptBuildPhase section */
		24E9EF2691675F340BAA133C /* [CP] Embed Pods Frameworks */ = {
			isa = PBXShellScriptBuildPhase;
			buildActionMask = 2147483647;
			files = (
			);
			inputPaths = (
			);
			name = "[CP] Embed Pods Frameworks";
			outputPaths = (
			);
			runOnlyForDeploymentPostprocessing = 0;
			shellPath = /bin/sh;
			shellScript = "\"${SRCROOT}/Pods/Target Support Files/Pods-OnlineTaskTests/Pods-OnlineTaskTests-frameworks.sh\"\n";
			showEnvVarsInLog = 0;
		};
		394B9EF15E6AF852E9AF2123 /* [CP] Check Pods Manifest.lock */ = {
			isa = PBXShellScriptBuildPhase;
			buildActionMask = 2147483647;
			files = (
			);
			inputPaths = (
				"${PODS_PODFILE_DIR_PATH}/Podfile.lock",
				"${PODS_ROOT}/Manifest.lock",
			);
			name = "[CP] Check Pods Manifest.lock";
			outputPaths = (
				"$(DERIVED_FILE_DIR)/Pods-OnlineTaskTests-checkManifestLockResult.txt",
			);
			runOnlyForDeploymentPostprocessing = 0;
			shellPath = /bin/sh;
			shellScript = "diff \"${PODS_PODFILE_DIR_PATH}/Podfile.lock\" \"${PODS_ROOT}/Manifest.lock\" > /dev/null\nif [ $? != 0 ] ; then\n    # print error to STDERR\n    echo \"error: The sandbox is not in sync with the Podfile.lock. Run 'pod install' or update your CocoaPods installation.\" >&2\n    exit 1\nfi\n# This output is used by Xcode 'outputs' to avoid re-running this script phase.\necho \"SUCCESS\" > \"${SCRIPT_OUTPUT_FILE_0}\"\n";
			showEnvVarsInLog = 0;
		};
		4A8CBA4811F4F48E9125AA56 /* [CP] Embed Pods Frameworks */ = {
			isa = PBXShellScriptBuildPhase;
			buildActionMask = 2147483647;
			files = (
			);
			inputPaths = (
			);
			name = "[CP] Embed Pods Frameworks";
			outputPaths = (
			);
			runOnlyForDeploymentPostprocessing = 0;
			shellPath = /bin/sh;
			shellScript = "\"${SRCROOT}/Pods/Target Support Files/Pods-OnlineTask/Pods-OnlineTask-frameworks.sh\"\n";
			showEnvVarsInLog = 0;
		};
		6B53ED231E81E994839003A5 /* [CP] Copy Pods Resources */ = {
			isa = PBXShellScriptBuildPhase;
			buildActionMask = 2147483647;
			files = (
			);
			inputPaths = (
			);
			name = "[CP] Copy Pods Resources";
			outputPaths = (
			);
			runOnlyForDeploymentPostprocessing = 0;
			shellPath = /bin/sh;
			shellScript = "\"${SRCROOT}/Pods/Target Support Files/Pods-OnlineTask/Pods-OnlineTask-resources.sh\"\n";
			showEnvVarsInLog = 0;
		};
		C5719909D817BB2E18D626C8 /* [CP] Check Pods Manifest.lock */ = {
			isa = PBXShellScriptBuildPhase;
			buildActionMask = 2147483647;
			files = (
			);
			inputPaths = (
				"${PODS_PODFILE_DIR_PATH}/Podfile.lock",
				"${PODS_ROOT}/Manifest.lock",
			);
			name = "[CP] Check Pods Manifest.lock";
			outputPaths = (
				"$(DERIVED_FILE_DIR)/Pods-OnlineTask-checkManifestLockResult.txt",
			);
			runOnlyForDeploymentPostprocessing = 0;
			shellPath = /bin/sh;
			shellScript = "diff \"${PODS_PODFILE_DIR_PATH}/Podfile.lock\" \"${PODS_ROOT}/Manifest.lock\" > /dev/null\nif [ $? != 0 ] ; then\n    # print error to STDERR\n    echo \"error: The sandbox is not in sync with the Podfile.lock. Run 'pod install' or update your CocoaPods installation.\" >&2\n    exit 1\nfi\n# This output is used by Xcode 'outputs' to avoid re-running this script phase.\necho \"SUCCESS\" > \"${SCRIPT_OUTPUT_FILE_0}\"\n";
			showEnvVarsInLog = 0;
		};
		EDD820A18C83E6436E0B1B93 /* [CP] Copy Pods Resources */ = {
			isa = PBXShellScriptBuildPhase;
			buildActionMask = 2147483647;
			files = (
			);
			inputPaths = (
			);
			name = "[CP] Copy Pods Resources";
			outputPaths = (
			);
			runOnlyForDeploymentPostprocessing = 0;
			shellPath = /bin/sh;
			shellScript = "\"${SRCROOT}/Pods/Target Support Files/Pods-OnlineTaskTests/Pods-OnlineTaskTests-resources.sh\"\n";
			showEnvVarsInLog = 0;
		};
/* End PBXShellScriptBuildPhase section */

/* Begin PBXSourcesBuildPhase section */
		C54E2B162030C8E50024E111 /* Sources */ = {
			isa = PBXSourcesBuildPhase;
			buildActionMask = 2147483647;
			files = (
				C5397F692032CB2E00EFE73B /* NSURLConnectDelegateClass.m in Sources */,
				C52DF68E20330E5B00474A91 /* RowModelData.m in Sources */,
				C54E2B222030C8E50024E111 /* MainViewController.m in Sources */,
				C54E2B2D2030C8E50024E111 /* main.m in Sources */,
				C54E2B1F2030C8E50024E111 /* AppDelegate.m in Sources */,
				C5397F63203204DE00EFE73B /* CellForTableView.m in Sources */,
				C5397F6D2032E6A400EFE73B /* ModelClassForParsing.m in Sources */,
			);
			runOnlyForDeploymentPostprocessing = 0;
		};
		C54E2B2E2030C8E50024E111 /* Sources */ = {
			isa = PBXSourcesBuildPhase;
			buildActionMask = 2147483647;
			files = (
				C54E2B372030C8E50024E111 /* OnlineTaskTests.m in Sources */,
			);
			runOnlyForDeploymentPostprocessing = 0;
		};
/* End PBXSourcesBuildPhase section */

/* Begin PBXTargetDependency section */
		C54E2B342030C8E50024E111 /* PBXTargetDependency */ = {
			isa = PBXTargetDependency;
			target = C54E2B192030C8E50024E111 /* OnlineTask */;
			targetProxy = C54E2B332030C8E50024E111 /* PBXContainerItemProxy */;
		};
/* End PBXTargetDependency section */

/* Begin XCBuildConfiguration section */
		C54E2B392030C8E50024E111 /* Debug */ = {
			isa = XCBuildConfiguration;
			buildSettings = {
				ALWAYS_SEARCH_USER_PATHS = NO;
				CLANG_ANALYZER_NONNULL = YES;
				CLANG_ANALYZER_NUMBER_OBJECT_CONVERSION = YES_AGGRESSIVE;
				CLANG_CXX_LANGUAGE_STANDARD = "gnu++14";
				CLANG_CXX_LIBRARY = "libc++";
				CLANG_ENABLE_MODULES = YES;
				CLANG_ENABLE_OBJC_ARC = YES;
				CLANG_WARN_BLOCK_CAPTURE_AUTORELEASING = YES;
				CLANG_WARN_BOOL_CONVERSION = YES;
				CLANG_WARN_COMMA = YES;
				CLANG_WARN_CONSTANT_CONVERSION = YES;
				CLANG_WARN_DIRECT_OBJC_ISA_USAGE = YES_ERROR;
				CLANG_WARN_DOCUMENTATION_COMMENTS = YES;
				CLANG_WARN_EMPTY_BODY = YES;
				CLANG_WARN_ENUM_CONVERSION = YES;
				CLANG_WARN_INFINITE_RECURSION = YES;
				CLANG_WARN_INT_CONVERSION = YES;
				CLANG_WARN_NON_LITERAL_NULL_CONVERSION = YES;
				CLANG_WARN_OBJC_LITERAL_CONVERSION = YES;
				CLANG_WARN_OBJC_ROOT_CLASS = YES_ERROR;
				CLANG_WARN_RANGE_LOOP_ANALYSIS = YES;
				CLANG_WARN_STRICT_PROTOTYPES = YES;
				CLANG_WARN_SUSPICIOUS_MOVE = YES;
				CLANG_WARN_UNGUARDED_AVAILABILITY = YES_AGGRESSIVE;
				CLANG_WARN_UNREACHABLE_CODE = YES;
				CLANG_WARN__DUPLICATE_METHOD_MATCH = YES;
				CODE_SIGN_IDENTITY = "iPhone Developer";
				COPY_PHASE_STRIP = NO;
				DEBUG_INFORMATION_FORMAT = dwarf;
				ENABLE_STRICT_OBJC_MSGSEND = YES;
				ENABLE_TESTABILITY = YES;
				GCC_C_LANGUAGE_STANDARD = gnu11;
				GCC_DYNAMIC_NO_PIC = NO;
				GCC_NO_COMMON_BLOCKS = YES;
				GCC_OPTIMIZATION_LEVEL = 0;
				GCC_PREPROCESSOR_DEFINITIONS = (
					"DEBUG=1",
					"$(inherited)",
				);
				GCC_WARN_64_TO_32_BIT_CONVERSION = YES;
				GCC_WARN_ABOUT_RETURN_TYPE = YES_ERROR;
				GCC_WARN_UNDECLARED_SELECTOR = YES;
				GCC_WARN_UNINITIALIZED_AUTOS = YES_AGGRESSIVE;
				GCC_WARN_UNUSED_FUNCTION = YES;
				GCC_WARN_UNUSED_VARIABLE = YES;
				IPHONEOS_DEPLOYMENT_TARGET = 8.0;
				MTL_ENABLE_DEBUG_INFO = YES;
				ONLY_ACTIVE_ARCH = YES;
				SDKROOT = iphoneos;
			};
			name = Debug;
		};
		C54E2B3A2030C8E50024E111 /* Release */ = {
			isa = XCBuildConfiguration;
			buildSettings = {
				ALWAYS_SEARCH_USER_PATHS = NO;
				CLANG_ANALYZER_NONNULL = YES;
				CLANG_ANALYZER_NUMBER_OBJECT_CONVERSION = YES_AGGRESSIVE;
				CLANG_CXX_LANGUAGE_STANDARD = "gnu++14";
				CLANG_CXX_LIBRARY = "libc++";
				CLANG_ENABLE_MODULES = YES;
				CLANG_ENABLE_OBJC_ARC = YES;
				CLANG_WARN_BLOCK_CAPTURE_AUTORELEASING = YES;
				CLANG_WARN_BOOL_CONVERSION = YES;
				CLANG_WARN_COMMA = YES;
				CLANG_WARN_CONSTANT_CONVERSION = YES;
				CLANG_WARN_DIRECT_OBJC_ISA_USAGE = YES_ERROR;
				CLANG_WARN_DOCUMENTATION_COMMENTS = YES;
				CLANG_WARN_EMPTY_BODY = YES;
				CLANG_WARN_ENUM_CONVERSION = YES;
				CLANG_WARN_INFINITE_RECURSION = YES;
				CLANG_WARN_INT_CONVERSION = YES;
				CLANG_WARN_NON_LITERAL_NULL_CONVERSION = YES;
				CLANG_WARN_OBJC_LITERAL_CONVERSION = YES;
				CLANG_WARN_OBJC_ROOT_CLASS = YES_ERROR;
				CLANG_WARN_RANGE_LOOP_ANALYSIS = YES;
				CLANG_WARN_STRICT_PROTOTYPES = YES;
				CLANG_WARN_SUSPICIOUS_MOVE = YES;
				CLANG_WARN_UNGUARDED_AVAILABILITY = YES_AGGRESSIVE;
				CLANG_WARN_UNREACHABLE_CODE = YES;
				CLANG_WARN__DUPLICATE_METHOD_MATCH = YES;
				CODE_SIGN_IDENTITY = "iPhone Developer";
				COPY_PHASE_STRIP = NO;
				DEBUG_INFORMATION_FORMAT = "dwarf-with-dsym";
				ENABLE_NS_ASSERTIONS = NO;
				ENABLE_STRICT_OBJC_MSGSEND = YES;
				GCC_C_LANGUAGE_STANDARD = gnu11;
				GCC_NO_COMMON_BLOCKS = YES;
				GCC_WARN_64_TO_32_BIT_CONVERSION = YES;
				GCC_WARN_ABOUT_RETURN_TYPE = YES_ERROR;
				GCC_WARN_UNDECLARED_SELECTOR = YES;
				GCC_WARN_UNINITIALIZED_AUTOS = YES_AGGRESSIVE;
				GCC_WARN_UNUSED_FUNCTION = YES;
				GCC_WARN_UNUSED_VARIABLE = YES;
				IPHONEOS_DEPLOYMENT_TARGET = 8.0;
				MTL_ENABLE_DEBUG_INFO = NO;
				SDKROOT = iphoneos;
				VALIDATE_PRODUCT = YES;
			};
			name = Release;
		};
		C54E2B3C2030C8E50024E111 /* Debug */ = {
			isa = XCBuildConfiguration;
			baseConfigurationReference = 08F525901203E0B6268DFA25 /* Pods-OnlineTask.debug.xcconfig */;
			buildSettings = {
				ASSETCATALOG_COMPILER_APPICON_NAME = AppIcon;
				CODE_SIGN_STYLE = Automatic;
				DEVELOPMENT_TEAM = JGLDD9YP28;
				INFOPLIST_FILE = OnlineTask/Info.plist;
				IPHONEOS_DEPLOYMENT_TARGET = 8.0;
				LD_RUNPATH_SEARCH_PATHS = "$(inherited) @executable_path/Frameworks";
				PRODUCT_BUNDLE_IDENTIFIER = com.SohailUrRahman.OnlineTask;
				PRODUCT_NAME = "$(TARGET_NAME)";
				TARGETED_DEVICE_FAMILY = "1,2";
			};
			name = Debug;
		};
		C54E2B3D2030C8E50024E111 /* Release */ = {
			isa = XCBuildConfiguration;
			baseConfigurationReference = DDD608C66AA363611413E386 /* Pods-OnlineTask.release.xcconfig */;
			buildSettings = {
				ASSETCATALOG_COMPILER_APPICON_NAME = AppIcon;
				CODE_SIGN_STYLE = Automatic;
				DEVELOPMENT_TEAM = JGLDD9YP28;
				INFOPLIST_FILE = OnlineTask/Info.plist;
				IPHONEOS_DEPLOYMENT_TARGET = 8.0;
				LD_RUNPATH_SEARCH_PATHS = "$(inherited) @executable_path/Frameworks";
				PRODUCT_BUNDLE_IDENTIFIER = com.SohailUrRahman.OnlineTask;
				PRODUCT_NAME = "$(TARGET_NAME)";
				TARGETED_DEVICE_FAMILY = "1,2";
			};
			name = Release;
		};
		C54E2B3F2030C8E50024E111 /* Debug */ = {
			isa = XCBuildConfiguration;
			baseConfigurationReference = F79C3D575972D7E47F98E650 /* Pods-OnlineTaskTests.debug.xcconfig */;
			buildSettings = {
				BUNDLE_LOADER = "$(TEST_HOST)";
				CODE_SIGN_STYLE = Automatic;
				DEVELOPMENT_TEAM = JGLDD9YP28;
				INFOPLIST_FILE = OnlineTaskTests/Info.plist;
				LD_RUNPATH_SEARCH_PATHS = "$(inherited) @executable_path/Frameworks @loader_path/Frameworks";
				PRODUCT_BUNDLE_IDENTIFIER = com.SohailUrRahman.OnlineTaskTests;
				PRODUCT_NAME = "$(TARGET_NAME)";
				TARGETED_DEVICE_FAMILY = "1,2";
				TEST_HOST = "$(BUILT_PRODUCTS_DIR)/OnlineTask.app/OnlineTask";
			};
			name = Debug;
		};
		C54E2B402030C8E50024E111 /* Release */ = {
			isa = XCBuildConfiguration;
			baseConfigurationReference = D740ACB2C66BC40D277F1B16 /* Pods-OnlineTaskTests.release.xcconfig */;
			buildSettings = {
				BUNDLE_LOADER = "$(TEST_HOST)";
				CODE_SIGN_STYLE = Automatic;
				DEVELOPMENT_TEAM = JGLDD9YP28;
				INFOPLIST_FILE = OnlineTaskTests/Info.plist;
				LD_RUNPATH_SEARCH_PATHS = "$(inherited) @executable_path/Frameworks @loader_path/Frameworks";
				PRODUCT_BUNDLE_IDENTIFIER = com.SohailUrRahman.OnlineTaskTests;
				PRODUCT_NAME = "$(TARGET_NAME)";
				TARGETED_DEVICE_FAMILY = "1,2";
				TEST_HOST = "$(BUILT_PRODUCTS_DIR)/OnlineTask.app/OnlineTask";
			};
			name = Release;
		};
/* End XCBuildConfiguration section */

/* Begin XCConfigurationList section */
		C54E2B152030C8E50024E111 /* Build configuration list for PBXProject "OnlineTask" */ = {
			isa = XCConfigurationList;
			buildConfigurations = (
				C54E2B392030C8E50024E111 /* Debug */,
				C54E2B3A2030C8E50024E111 /* Release */,
			);
			defaultConfigurationIsVisible = 0;
			defaultConfigurationName = Release;
		};
		C54E2B3B2030C8E50024E111 /* Build configuration list for PBXNativeTarget "OnlineTask" */ = {
			isa = XCConfigurationList;
			buildConfigurations = (
				C54E2B3C2030C8E50024E111 /* Debug */,
				C54E2B3D2030C8E50024E111 /* Release */,
			);
			defaultConfigurationIsVisible = 0;
			defaultConfigurationName = Release;
		};
		C54E2B3E2030C8E50024E111 /* Build configuration list for PBXNativeTarget "OnlineTaskTests" */ = {
			isa = XCConfigurationList;
			buildConfigurations = (
				C54E2B3F2030C8E50024E111 /* Debug */,
				C54E2B402030C8E50024E111 /* Release */,
			);
			defaultConfigurationIsVisible = 0;
			defaultConfigurationName = Release;
		};
/* End XCConfigurationList section */
	};
	rootObject = C54E2B122030C8E50024E111 /* Project object */;
}
